
Microsoft Visual Studio Solution File, Format Version 12.00
# Visual Studio Version 17
VisualStudioVersion = 17.2.32526.322
MinimumVisualStudioVersion = 10.0.40219.1
Project("{FAE04EC0-301F-11D3-BF4B-00C04F79EFBC}") = "LINQ15", "LINQ15\LINQ15.csproj", "{AA867B57-765B-4D8D-AFD7-5883C6A8F2E2}"
EndProject
Global
	GlobalSection(SolutionConfigurationPlatforms) = preSolution
		Debug|Any CPU = Debug|Any CPU
		Release|Any CPU = Release|Any CPU
	EndGlobalSection
	GlobalSection(ProjectConfigurationPlatforms) = postSolution
		{AA867B57-765B-4D8D-AFD7-5883C6A8F2E2}.Debug|Any CPU.ActiveCfg = Debug|Any CPU
		{AA867B57-765B-4D8D-AFD7-5883C6A8F2E2}.Debug|Any CPU.Build.0 = Debug|Any CPU
		{AA867B57-765B-4D8D-AFD7-5883C6A8F2E2}.Release|Any CPU.ActiveCfg = Release|Any CPU
		{AA867B57-765B-4D8D-AFD7-5883C6A8F2E2}.Release|Any CPU.Build.0 = Release|Any CPU
	EndGlobalSection
	GlobalSection(SolutionProperties) = preSolution
		HideSolutionNode = FALSE
	EndGlobalSection
	GlobalSection(ExtensibilityGlobals) = postSolution
		SolutionGuid = {ED9583ED-0DC2-40C1-819E-268B06C38B98}
	EndGlobalSection
EndGlobal
